
Microsoft Visual Studio Solution File, Format Version 12.00
Project("{FAE04EC0-301F-11D3-BF4B-00C04F79EFBC}") = "DotnetLearningDictionary", "DotnetLearningDictionary\DotnetLearningDictionary.csproj", "{FD198DD4-6486-46B5-AF12-6E7C8A607A1A}"
EndProject
Project("{2150E333-8FDC-42A3-9474-1A3956D46DE8}") = "Dictoniary", "Dictoniary", "{C85E1F10-9E4F-475F-9242-6674E5F95261}"
EndProject
Global
	GlobalSection(SolutionConfigurationPlatforms) = preSolution
		Debug|Any CPU = Debug|Any CPU
		Release|Any CPU = Release|Any CPU
	EndGlobalSection
	GlobalSection(ProjectConfigurationPlatforms) = postSolution
		{FD198DD4-6486-46B5-AF12-6E7C8A607A1A}.Debug|Any CPU.ActiveCfg = Debug|Any CPU
		{FD198DD4-6486-46B5-AF12-6E7C8A607A1A}.Debug|Any CPU.Build.0 = Debug|Any CPU
		{FD198DD4-6486-46B5-AF12-6E7C8A607A1A}.Release|Any CPU.ActiveCfg = Release|Any CPU
		{FD198DD4-6486-46B5-AF12-6E7C8A607A1A}.Release|Any CPU.Build.0 = Release|Any CPU
	EndGlobalSection
EndGlobal
